// !$*UTF8*$!
{
	archiveVersion = 1;
	classes = {
	};
	objectVersion = 46;
	objects = {

/* Begin PBXBuildFile section */
		AE3739031D7D923500557C89 /* NextViewController.swift in Sources */ = {isa = PBXBuildFile; fileRef = AE3739021D7D923500557C89 /* NextViewController.swift */; };
		AEF9D42B1D796EFE00EF59B2 /* AppDelegate.swift in Sources */ = {isa = PBXBuildFile; fileRef = AEF9D42A1D796EFE00EF59B2 /* AppDelegate.swift */; };
		AEF9D42D1D796EFE00EF59B2 /* ViewController.swift in Sources */ = {isa = PBXBuildFile; fileRef = AEF9D42C1D796EFE00EF59B2 /* ViewController.swift */; };
		AEF9D4301D796EFE00EF59B2 /* Main.storyboard in Resources */ = {isa = PBXBuildFile; fileRef = AEF9D42E1D796EFE00EF59B2 /* Main.storyboard */; };
		AEF9D4321D796EFE00EF59B2 /* Assets.xcassets in Resources */ = {isa = PBXBuildFile; fileRef = AEF9D4311D796EFE00EF59B2 /* Assets.xcassets */; };
		AEF9D4351D796EFE00EF59B2 /* LaunchScreen.storyboard in Resources */ = {isa = PBXBuildFile; fileRef = AEF9D4331D796EFE00EF59B2 /* LaunchScreen.storyboard */; };
		AEF9D4401D796EFE00EF59B2 /* SlideshowAppTests.swift in Sources */ = {isa = PBXBuildFile; fileRef = AEF9D43F1D796EFE00EF59B2 /* SlideshowAppTests.swift */; };
		AEF9D44B1D796EFE00EF59B2 /* SlideshowAppUITests.swift in Sources */ = {isa = PBXBuildFile; fileRef = AEF9D44A1D796EFE00EF59B2 /* SlideshowAppUITests.swift */; };
/* End PBXBuildFile section */

/* Begin PBXContainerItemProxy section */
		AEF9D43C1D796EFE00EF59B2 /* PBXContainerItemProxy */ = {
			isa = PBXContainerItemProxy;
			containerPortal = AEF9D41F1D796EFE00EF59B2 /* Project object */;
			proxyType = 1;
			remoteGlobalIDString = AEF9D4261D796EFE00EF59B2;
			remoteInfo = SlideshowApp;
		};
		AEF9D4471D796EFE00EF59B2 /* PBXContainerItemProxy */ = {
			isa = PBXContainerItemProxy;
			containerPortal = AEF9D41F1D796EFE00EF59B2 /* Project object */;
			proxyType = 1;
			remoteGlobalIDString = AEF9D4261D796EFE00EF59B2;
			remoteInfo = SlideshowApp;
		};
/* End PBXContainerItemProxy section */

/* Begin PBXFileReference section */
		AE3739021D7D923500557C89 /* NextViewController.swift */ = {isa = PBXFileReference; fileEncoding = 4; lastKnownFileType = sourcecode.swift; path = NextViewController.swift; sourceTree = "<group>"; };
		AEF9D4271D796EFE00EF59B2 /* SlideshowApp.app */ = {isa = PBXFileReference; explicitFileType = wrapper.application; includeInIndex = 0; path = SlideshowApp.app; sourceTree = BUILT_PRODUCTS_DIR; };
		AEF9D42A1D796EFE00EF59B2 /* AppDelegate.swift */ = {isa = PBXFileReference; lastKnownFileType = sourcecode.swift; path = AppDelegate.swift; sourceTree = "<group>"; };
		AEF9D42C1D796EFE00EF59B2 /* ViewController.swift */ = {isa = PBXFileReference; lastKnownFileType = sourcecode.swift; path = ViewController.swift; sourceTree = "<group>"; };
		AEF9D42F1D796EFE00EF59B2 /* Base */ = {isa = PBXFileReference; lastKnownFileType = file.storyboard; name = Base; path = Base.lproj/Main.storyboard; sourceTree = "<group>"; };
		AEF9D4311D796EFE00EF59B2 /* Assets.xcassets */ = {isa = PBXFileReference; lastKnownFileType = folder.assetcatalog; path = Assets.xcassets; sourceTree = "<group>"; };
		AEF9D4341D796EFE00EF59B2 /* Base */ = {isa = PBXFileReference; lastKnownFileType = file.storyboard; name = Base; path = Base.lproj/LaunchScreen.storyboard; sourceTree = "<group>"; };
		AEF9D4361D796EFE00EF59B2 /* Info.plist */ = {isa = PBXFileReference; lastKnownFileType = text.plist.xml; path = Info.plist; sourceTree = "<group>"; };
		AEF9D43B1D796EFE00EF59B2 /* SlideshowAppTests.xctest */ = {isa = PBXFileReference; explicitFileType = wrapper.cfbundle; includeInIndex = 0; path = SlideshowAppTests.xctest; sourceTree = BUILT_PRODUCTS_DIR; };
		AEF9D43F1D796EFE00EF59B2 /* SlideshowAppTests.swift */ = {isa = PBXFileReference; lastKnownFileType = sourcecode.swift; path = SlideshowAppTests.swift; sourceTree = "<group>"; };
		AEF9D4411D796EFE00EF59B2 /* Info.plist */ = {isa = PBXFileReference; lastKnownFileType = text.plist.xml; path = Info.plist; sourceTree = "<group>"; };
		AEF9D4461D796EFE00EF59B2 /* SlideshowAppUITests.xctest */ = {isa = PBXFileReference; explicitFileType = wrapper.cfbundle; includeInIndex = 0; path = SlideshowAppUITests.xctest; sourceTree = BUILT_PRODUCTS_DIR; };
		AEF9D44A1D796EFE00EF59B2 /* SlideshowAppUITests.swift */ = {isa = PBXFileReference; lastKnownFileType = sourcecode.swift; path = SlideshowAppUITests.swift; sourceTree = "<group>"; };
		AEF9D44C1D796EFE00EF59B2 /* Info.plist */ = {isa = PBXFileReference; lastKnownFileType = text.plist.xml; path = Info.plist; sourceTree = "<group>"; };
/* End PBXFileReference section */

/* Begin PBXFrameworksBuildPhase section */
		AEF9D4241D796EFE00EF59B2 /* Frameworks */ = {
			isa = PBXFrameworksBuildPhase;
			buildActionMask = 2147483647;
			files = (
			);
			runOnlyForDeploymentPostprocessing = 0;
		};
		AEF9D4381D796EFE00EF59B2 /* Frameworks */ = {
			isa = PBXFrameworksBuildPhase;
			buildActionMask = 2147483647;
			files = (
			);
			runOnlyForDeploymentPostprocessing = 0;
		};
		AEF9D4431D796EFE00EF59B2 /* Frameworks */ = {
			isa = PBXFrameworksBuildPhase;
			buildActionMask = 2147483647;
			files = (
			);
			runOnlyForDeploymentPostprocessing = 0;
		};
/* End PBXFrameworksBuildPhase section */

/* Begin PBXGroup section */
		AEF9D41E1D796EFE00EF59B2 = {
			isa = PBXGroup;
			children = (
				AEF9D4291D796EFE00EF59B2 /* SlideshowApp */,
				AEF9D43E1D796EFE00EF59B2 /* SlideshowAppTests */,
				AEF9D4491D796EFE00EF59B2 /* SlideshowAppUITests */,
				AEF9D4281D796EFE00EF59B2 /* Products */,
			);
			sourceTree = "<group>";
		};
		AEF9D4281D796EFE00EF59B2 /* Products */ = {
			isa = PBXGroup;
			children = (
				AEF9D4271D796EFE00EF59B2 /* SlideshowApp.app */,
				AEF9D43B1D796EFE00EF59B2 /* SlideshowAppTests.xctest */,
				AEF9D4461D796EFE00EF59B2 /* SlideshowAppUITests.xctest */,
			);
			name = Products;
			sourceTree = "<group>";
		};
		AEF9D4291D796EFE00EF59B2 /* SlideshowApp */ = {
			isa = PBXGroup;
			children = (
				AEF9D42A1D796EFE00EF59B2 /* AppDelegate.swift */,
				AEF9D42C1D796EFE00EF59B2 /* ViewController.swift */,
				AEF9D42E1D796EFE00EF59B2 /* Main.storyboard */,
				AE3739021D7D923500557C89 /* NextViewController.swift */,
				AEF9D4311D796EFE00EF59B2 /* Assets.xcassets */,
				AEF9D4331D796EFE00EF59B2 /* LaunchScreen.storyboard */,
				AEF9D4361D796EFE00EF59B2 /* Info.plist */,
			);
			path = SlideshowApp;
			sourceTree = "<group>";
		};
		AEF9D43E1D796EFE00EF59B2 /* SlideshowAppTests */ = {
			isa = PBXGroup;
			children = (
				AEF9D43F1D796EFE00EF59B2 /* SlideshowAppTests.swift */,
				AEF9D4411D796EFE00EF59B2 /* Info.plist */,
			);
			path = SlideshowAppTests;
			sourceTree = "<group>";
		};
		AEF9D4491D796EFE00EF59B2 /* SlideshowAppUITests */ = {
			isa = PBXGroup;
			children = (
				AEF9D44A1D796EFE00EF59B2 /* SlideshowAppUITests.swift */,
				AEF9D44C1D796EFE00EF59B2 /* Info.plist */,
			);
			path = SlideshowAppUITests;
			sourceTree = "<group>";
		};
/* End PBXGroup section */

/* Begin PBXNativeTarget section */
		AEF9D4261D796EFE00EF59B2 /* SlideshowApp */ = {
			isa = PBXNativeTarget;
			buildConfigurationList = AEF9D44F1D796EFE00EF59B2 /* Build configuration list for PBXNativeTarget "SlideshowApp" */;
			buildPhases = (
				AEF9D4231D796EFE00EF59B2 /* Sources */,
				AEF9D4241D796EFE00EF59B2 /* Frameworks */,
				AEF9D4251D796EFE00EF59B2 /* Resources */,
			);
			buildRules = (
			);
			dependencies = (
			);
			name = SlideshowApp;
			productName = SlideshowApp;
			productReference = AEF9D4271D796EFE00EF59B2 /* SlideshowApp.app */;
			productType = "com.apple.product-type.application";
		};
		AEF9D43A1D796EFE00EF59B2 /* SlideshowAppTests */ = {
			isa = PBXNativeTarget;
			buildConfigurationList = AEF9D4521D796EFE00EF59B2 /* Build configuration list for PBXNativeTarget "SlideshowAppTests" */;
			buildPhases = (
				AEF9D4371D796EFE00EF59B2 /* Sources */,
				AEF9D4381D796EFE00EF59B2 /* Frameworks */,
				AEF9D4391D796EFE00EF59B2 /* Resources */,
			);
			buildRules = (
			);
			dependencies = (
				AEF9D43D1D796EFE00EF59B2 /* PBXTargetDependency */,
			);
			name = SlideshowAppTests;
			productName = SlideshowAppTests;
			productReference = AEF9D43B1D796EFE00EF59B2 /* SlideshowAppTests.xctest */;
			productType = "com.apple.product-type.bundle.unit-test";
		};
		AEF9D4451D796EFE00EF59B2 /* SlideshowAppUITests */ = {
			isa = PBXNativeTarget;
			buildConfigurationList = AEF9D4551D796EFE00EF59B2 /* Build configuration list for PBXNativeTarget "SlideshowAppUITests" */;
			buildPhases = (
				AEF9D4421D796EFE00EF59B2 /* Sources */,
				AEF9D4431D796EFE00EF59B2 /* Frameworks */,
				AEF9D4441D796EFE00EF59B2 /* Resources */,
			);
			buildRules = (
			);
			dependencies = (
				AEF9D4481D796EFE00EF59B2 /* PBXTargetDependency */,
			);
			name = SlideshowAppUITests;
			productName = SlideshowAppUITests;
			productReference = AEF9D4461D796EFE00EF59B2 /* SlideshowAppUITests.xctest */;
			productType = "com.apple.product-type.bundle.ui-testing";
		};
/* End PBXNativeTarget section */

/* Begin PBXProject section */
		AEF9D41F1D796EFE00EF59B2 /* Project object */ = {
			isa = PBXProject;
			attributes = {
				LastSwiftUpdateCheck = 0730;
				LastUpgradeCheck = 0730;
				ORGANIZATIONNAME = tooru.satodate;
				TargetAttributes = {
					AEF9D4261D796EFE00EF59B2 = {
						CreatedOnToolsVersion = 7.3.1;
						DevelopmentTeam = 273FXUL5A9;
					};
					AEF9D43A1D796EFE00EF59B2 = {
						CreatedOnToolsVersion = 7.3.1;
						TestTargetID = AEF9D4261D796EFE00EF59B2;
					};
					AEF9D4451D796EFE00EF59B2 = {
						CreatedOnToolsVersion = 7.3.1;
						TestTargetID = AEF9D4261D796EFE00EF59B2;
					};
				};
			};
			buildConfigurationList = AEF9D4221D796EFE00EF59B2 /* Build configuration list for PBXProject "SlideshowApp" */;
			compatibilityVersion = "Xcode 3.2";
			developmentRegion = English;
			hasScannedForEncodings = 0;
			knownRegions = (
				en,
				Base,
			);
			mainGroup = AEF9D41E1D796EFE00EF59B2;
			productRefGroup = AEF9D4281D796EFE00EF59B2 /* Products */;
			projectDirPath = "";
			projectRoot = "";
			targets = (
				AEF9D4261D796EFE00EF59B2 /* SlideshowApp */,
				AEF9D43A1D796EFE00EF59B2 /* SlideshowAppTests */,
				AEF9D4451D796EFE00EF59B2 /* SlideshowAppUITests */,
			);
		};
/* End PBXProject section */

/* Begin PBXResourcesBuildPhase section */
		AEF9D4251D796EFE00EF59B2 /* Resources */ = {
			isa = PBXResourcesBuildPhase;
			buildActionMask = 2147483647;
			files = (
				AEF9D4351D796EFE00EF59B2 /* LaunchScreen.storyboard in Resources */,
				AEF9D4321D796EFE00EF59B2 /* Assets.xcassets in Resources */,
				AEF9D4301D796EFE00EF59B2 /* Main.storyboard in Resources */,
			);
			runOnlyForDeploymentPostprocessing = 0;
		};
		AEF9D4391D796EFE00EF59B2 /* Resources */ = {
			isa = PBXResourcesBuildPhase;
			buildActionMask = 2147483647;
			files = (
			);
			runOnlyForDeploymentPostprocessing = 0;
		};
		AEF9D4441D796EFE00EF59B2 /* Resources */ = {
			isa = PBXResourcesBuildPhase;
			buildActionMask = 2147483647;
			files = (
			);
			runOnlyForDeploymentPostprocessing = 0;
		};
/* End PBXResourcesBuildPhase section */

/* Begin PBXSourcesBuildPhase section */
		AEF9D4231D796EFE00EF59B2 /* Sources */ = {
			isa = PBXSourcesBuildPhase;
			buildActionMask = 2147483647;
			files = (
				AEF9D42D1D796EFE00EF59B2 /* ViewController.swift in Sources */,
				AE3739031D7D923500557C89 /* NextViewController.swift in Sources */,
				AEF9D42B1D796EFE00EF59B2 /* AppDelegate.swift in Sources */,
			);
			runOnlyForDeploymentPostprocessing = 0;
		};
		AEF9D4371D796EFE00EF59B2 /* Sources */ = {
			isa = PBXSourcesBuildPhase;
			buildActionMask = 2147483647;
			files = (
				AEF9D4401D796EFE00EF59B2 /* SlideshowAppTests.swift in Sources */,
			);
			runOnlyForDeploymentPostprocessing = 0;
		};
		AEF9D4421D796EFE00EF59B2 /* Sources */ = {
			isa = PBXSourcesBuildPhase;
			buildActionMask = 2147483647;
			files = (
				AEF9D44B1D796EFE00EF59B2 /* SlideshowAppUITests.swift in Sources */,
			);
			runOnlyForDeploymentPostprocessing = 0;
		};
/* End PBXSourcesBuildPhase section */

/* Begin PBXTargetDependency section */
		AEF9D43D1D796EFE00EF59B2 /* PBXTargetDependency */ = {
			isa = PBXTargetDependency;
			target = AEF9D4261D796EFE00EF59B2 /* SlideshowApp */;
			targetProxy = AEF9D43C1D796EFE00EF59B2 /* PBXContainerItemProxy */;
		};
		AEF9D4481D796EFE00EF59B2 /* PBXTargetDependency */ = {
			isa = PBXTargetDependency;
			target = AEF9D4261D796EFE00EF59B2 /* SlideshowApp */;
			targetProxy = AEF9D4471D796EFE00EF59B2 /* PBXContainerItemProxy */;
		};
/* End PBXTargetDependency section */

/* Begin PBXVariantGroup section */
		AEF9D42E1D796EFE00EF59B2 /* Main.storyboard */ = {
			isa = PBXVariantGroup;
			children = (
				AEF9D42F1D796EFE00EF59B2 /* Base */,
			);
			name = Main.storyboard;
			sourceTree = "<group>";
		};
		AEF9D4331D796EFE00EF59B2 /* LaunchScreen.storyboard */ = {
			isa = PBXVariantGroup;
			children = (
				AEF9D4341D796EFE00EF59B2 /* Base */,
			);
			name = LaunchScreen.storyboard;
			sourceTree = "<group>";
		};
/* End PBXVariantGroup section */

/* Begin XCBuildConfiguration section */
		AEF9D44D1D796EFE00EF59B2 /* Debug */ = {
			isa = XCBuildConfiguration;
			buildSettings = {
				ALWAYS_SEARCH_USER_PATHS = NO;
				CLANG_ANALYZER_NONNULL = YES;
				CLANG_CXX_LANGUAGE_STANDARD = "gnu++0x";
				CLANG_CXX_LIBRARY = "libc++";
				CLANG_ENABLE_MODULES = YES;
				CLANG_ENABLE_OBJC_ARC = YES;
				CLANG_WARN_BOOL_CONVERSION = YES;
				CLANG_WARN_CONSTANT_CONVERSION = YES;
				CLANG_WARN_DIRECT_OBJC_ISA_USAGE = YES_ERROR;
				CLANG_WARN_EMPTY_BODY = YES;
				CLANG_WARN_ENUM_CONVERSION = YES;
				CLANG_WARN_INT_CONVERSION = YES;
				CLANG_WARN_OBJC_ROOT_CLASS = YES_ERROR;
				CLANG_WARN_UNREACHABLE_CODE = YES;
				CLANG_WARN__DUPLICATE_METHOD_MATCH = YES;
				"CODE_SIGN_IDENTITY[sdk=iphoneos*]" = "iPhone Developer";
				COPY_PHASE_STRIP = NO;
				DEBUG_INFORMATION_FORMAT = dwarf;
				ENABLE_STRICT_OBJC_MSGSEND = YES;
				ENABLE_TESTABILITY = YES;
				GCC_C_LANGUAGE_STANDARD = gnu99;
				GCC_DYNAMIC_NO_PIC = NO;
				GCC_NO_COMMON_BLOCKS = YES;
				GCC_OPTIMIZATION_LEVEL = 0;
				GCC_PREPROCESSOR_DEFINITIONS = (
					"DEBUG=1",
					"$(inherited)",
				);
				GCC_WARN_64_TO_32_BIT_CONVERSION = YES;
				GCC_WARN_ABOUT_RETURN_TYPE = YES_ERROR;
				GCC_WARN_UNDECLARED_SELECTOR = YES;
				GCC_WARN_UNINITIALIZED_AUTOS = YES_AGGRESSIVE;
				GCC_WARN_UNUSED_FUNCTION = YES;
				GCC_WARN_UNUSED_VARIABLE = YES;
				IPHONEOS_DEPLOYMENT_TARGET = 9.3;
				MTL_ENABLE_DEBUG_INFO = YES;
				ONLY_ACTIVE_ARCH = YES;
				SDKROOT = iphoneos;
				SWIFT_OPTIMIZATION_LEVEL = "-Onone";
			};
			name = Debug;
		};
		AEF9D44E1D796EFE00EF59B2 /* Release */ = {
			isa = XCBuildConfiguration;
			buildSettings = {
				ALWAYS_SEARCH_USER_PATHS = NO;
				CLANG_ANALYZER_NONNULL = YES;
				CLANG_CXX_LANGUAGE_STANDARD = "gnu++0x";
				CLANG_CXX_LIBRARY = "libc++";
				CLANG_ENABLE_MODULES = YES;
				CLANG_ENABLE_OBJC_ARC = YES;
				CLANG_WARN_BOOL_CONVERSION = YES;
				CLANG_WARN_CONSTANT_CONVERSION = YES;
				CLANG_WARN_DIRECT_OBJC_ISA_USAGE = YES_ERROR;
				CLANG_WARN_EMPTY_BODY = YES;
				CLANG_WARN_ENUM_CONVERSION = YES;
				CLANG_WARN_INT_CONVERSION = YES;
				CLANG_WARN_OBJC_ROOT_CLASS = YES_ERROR;
				CLANG_WARN_UNREACHABLE_CODE = YES;
				CLANG_WARN__DUPLICATE_METHOD_MATCH = YES;
				"CODE_SIGN_IDENTITY[sdk=iphoneos*]" = "iPhone Developer";
				COPY_PHASE_STRIP = NO;
				DEBUG_INFORMATION_FORMAT = "dwarf-with-dsym";
				ENABLE_NS_ASSERTIONS = NO;
				ENABLE_STRICT_OBJC_MSGSEND = YES;
				GCC_C_LANGUAGE_STANDARD = gnu99;
				GCC_NO_COMMON_BLOCKS = YES;
				GCC_WARN_64_TO_32_BIT_CONVERSION = YES;
				GCC_WARN_ABOUT_RETURN_TYPE = YES_ERROR;
				GCC_WARN_UNDECLARED_SELECTOR = YES;
				GCC_WARN_UNINITIALIZED_AUTOS = YES_AGGRESSIVE;
				GCC_WARN_UNUSED_FUNCTION = YES;
				GCC_WARN_UNUSED_VARIABLE = YES;
				IPHONEOS_DEPLOYMENT_TARGET = 9.3;
				MTL_ENABLE_DEBUG_INFO = NO;
				SDKROOT = iphoneos;
				VALIDATE_PRODUCT = YES;
			};
			name = Release;
		};
		AEF9D4501D796EFE00EF59B2 /* Debug */ = {
			isa = XCBuildConfiguration;
			buildSettings = {
				ASSETCATALOG_COMPILER_APPICON_NAME = AppIcon;
				CODE_SIGN_IDENTITY = "iPhone Developer";
				"CODE_SIGN_IDENTITY[sdk=iphoneos*]" = "iPhone Developer";
				INFOPLIST_FILE = SlideshowApp/Info.plist;
				LD_RUNPATH_SEARCH_PATHS = "$(inherited) @executable_path/Frameworks";
				PRODUCT_BUNDLE_IDENTIFIER = jp.techacademy.tooru.satodate.SlideshowApp;
				PRODUCT_NAME = "$(TARGET_NAME)";
				PROVISIONING_PROFILE = "";
			};
			name = Debug;
		};
		AEF9D4511D796EFE00EF59B2 /* Release */ = {
			isa = XCBuildConfiguration;
			buildSettings = {
				ASSETCATALOG_COMPILER_APPICON_NAME = AppIcon;
				CODE_SIGN_IDENTITY = "iPhone Developer";
				"CODE_SIGN_IDENTITY[sdk=iphoneos*]" = "iPhone Developer";
				INFOPLIST_FILE = SlideshowApp/Info.plist;
				LD_RUNPATH_SEARCH_PATHS = "$(inherited) @executable_path/Frameworks";
				PRODUCT_BUNDLE_IDENTIFIER = jp.techacademy.tooru.satodate.SlideshowApp;
				PRODUCT_NAME = "$(TARGET_NAME)";
				PROVISIONING_PROFILE = "";
			};
			name = Release;
		};
		AEF9D4531D796EFE00EF59B2 /* Debug */ = {
			isa = XCBuildConfiguration;
			buildSettings = {
				BUNDLE_LOADER = "$(TEST_HOST)";
				INFOPLIST_FILE = SlideshowAppTests/Info.plist;
				LD_RUNPATH_SEARCH_PATHS = "$(inherited) @executable_path/Frameworks @loader_path/Frameworks";
				PRODUCT_BUNDLE_IDENTIFIER = jp.techacademy.tooru.satodate.SlideshowAppTests;
				PRODUCT_NAME = "$(TARGET_NAME)";
				TEST_HOST = "$(BUILT_PRODUCTS_DIR)/SlideshowApp.app/SlideshowApp";
			};
			name = Debug;
		};
		AEF9D4541D796EFE00EF59B2 /* Release */ = {
			isa = XCBuildConfiguration;
			buildSettings = {
				BUNDLE_LOADER = "$(TEST_HOST)";
				INFOPLIST_FILE = SlideshowAppTests/Info.plist;
				LD_RUNPATH_SEARCH_PATHS = "$(inherited) @executable_path/Frameworks @loader_path/Frameworks";
				PRODUCT_BUNDLE_IDENTIFIER = jp.techacademy.tooru.satodate.SlideshowAppTests;
				PRODUCT_NAME = "$(TARGET_NAME)";
				TEST_HOST = "$(BUILT_PRODUCTS_DIR)/SlideshowApp.app/SlideshowApp";
			};
			name = Release;
		};
		AEF9D4561D796EFE00EF59B2 /* Debug */ = {
			isa = XCBuildConfiguration;
			buildSettings = {
				INFOPLIST_FILE = SlideshowAppUITests/Info.plist;
				LD_RUNPATH_SEARCH_PATHS = "$(inherited) @executable_path/Frameworks @loader_path/Frameworks";
				PRODUCT_BUNDLE_IDENTIFIER = jp.techacademy.tooru.satodate.SlideshowAppUITests;
				PRODUCT_NAME = "$(TARGET_NAME)";
				TEST_TARGET_NAME = SlideshowApp;
			};
			name = Debug;
		};
		AEF9D4571D796EFE00EF59B2 /* Release */ = {
			isa = XCBuildConfiguration;
			buildSettings = {
				INFOPLIST_FILE = SlideshowAppUITests/Info.plist;
				LD_RUNPATH_SEARCH_PATHS = "$(inherited) @executable_path/Frameworks @loader_path/Frameworks";
				PRODUCT_BUNDLE_IDENTIFIER = jp.techacademy.tooru.satodate.SlideshowAppUITests;
				PRODUCT_NAME = "$(TARGET_NAME)";
				TEST_TARGET_NAME = SlideshowApp;
			};
			name = Release;
		};
/* End XCBuildConfiguration section */

/* Begin XCConfigurationList section */
		AEF9D4221D796EFE00EF59B2 /* Build configuration list for PBXProject "SlideshowApp" */ = {
			isa = XCConfigurationList;
			buildConfigurations = (
				AEF9D44D1D796EFE00EF59B2 /* Debug */,
				AEF9D44E1D796EFE00EF59B2 /* Release */,
			);
			defaultConfigurationIsVisible = 0;
			defaultConfigurationName = Release;
		};
		AEF9D44F1D796EFE00EF59B2 /* Build configuration list for PBXNativeTarget "SlideshowApp" */ = {
			isa = XCConfigurationList;
			buildConfigurations = (
				AEF9D4501D796EFE00EF59B2 /* Debug */,
				AEF9D4511D796EFE00EF59B2 /* Release */,
			);
			defaultConfigurationIsVisible = 0;
			defaultConfigurationName = Release;
		};
		AEF9D4521D796EFE00EF59B2 /* Build configuration list for PBXNativeTarget "SlideshowAppTests" */ = {
			isa = XCConfigurationList;
			buildConfigurations = (
				AEF9D4531D796EFE00EF59B2 /* Debug */,
				AEF9D4541D796EFE00EF59B2 /* Release */,
			);
			defaultConfigurationIsVisible = 0;
			defaultConfigurationName = Release;
		};
		AEF9D4551D796EFE00EF59B2 /* Build configuration list for PBXNativeTarget "SlideshowAppUITests" */ = {
			isa = XCConfigurationList;
			buildConfigurations = (
				AEF9D4561D796EFE00EF59B2 /* Debug */,
				AEF9D4571D796EFE00EF59B2 /* Release */,
			);
			defaultConfigurationIsVisible = 0;
			defaultConfigurationName = Release;
		};
/* End XCConfigurationList section */
	};
	rootObject = AEF9D41F1D796EFE00EF59B2 /* Project object */;
}
